<?xml version="1.0" encoding="utf-8"?>
<Project xmlns="http://schemas.microsoft.com/developer/msbuild/2003">
  <ItemGroup>
    <Filter Include="Form Files">
      <UniqueIdentifier>{99349809-55BA-4b9d-BF79-8FDBB0286EB3}</UniqueIdentifier>
      <Extensions>ui</Extensions>
      <ParseFiles>false</ParseFiles>
    </Filter>
    <Filter Include="Form Files">
      <UniqueIdentifier>{99349809-55BA-4b9d-BF79-8FDBB0286EB3}</UniqueIdentifier>
      <Extensions>ui</Extensions>
      <ParseFiles>false</ParseFiles>
    </Filter>
    <Filter Include="Generated Files">
      <UniqueIdentifier>{71ED8ED8-ACB9-4CE9-BBE1-E00B30144E11}</UniqueIdentifier>
      <Extensions>cpp;c;cxx;moc;h;def;odl;idl;res;</Extensions>
    </Filter>
    <Filter Include="Generated Files">
      <UniqueIdentifier>{71ED8ED8-ACB9-4CE9-BBE1-E00B30144E11}</UniqueIdentifier>
      <Extensions>cpp;c;cxx;moc;h;def;odl;idl;res;</Extensions>
    </Filter>
    <Filter Include="Header Files">
      <UniqueIdentifier>{93995380-89BD-4b04-88EB-625FBE52EBFB}</UniqueIdentifier>
      <Extensions>h;hpp;hxx;hm;inl;inc;xsd</Extensions>
    </Filter>
    <Filter Include="Header Files">
      <UniqueIdentifier>{93995380-89BD-4b04-88EB-625FBE52EBFB}</UniqueIdentifier>
      <Extensions>h;hpp;hxx;hm;inl;inc;xsd</Extensions>
    </Filter>
    <Filter Include="Resource Files">
      <UniqueIdentifier>{D9D6E242-F8AF-46E4-B9FD-80ECBC20BA3E}</UniqueIdentifier>
      <Extensions>qrc;*</Extensions>
      <ParseFiles>false</ParseFiles>
    </Filter>
    <Filter Include="Resource Files">
      <UniqueIdentifier>{D9D6E242-F8AF-46E4-B9FD-80ECBC20BA3E}</UniqueIdentifier>
      <Extensions>qrc;*</Extensions>
      <ParseFiles>false</ParseFiles>
    </Filter>
    <Filter Include="Source Files">
      <UniqueIdentifier>{4FC737F1-C7A5-4376-A066-2A32D752A2FF}</UniqueIdentifier>
      <Extensions>cpp;c;cxx;def;odl;idl;hpj;bat;asm;asmx</Extensions>
    </Filter>
    <Filter Include="Source Files">
      <UniqueIdentifier>{4FC737F1-C7A5-4376-A066-2A32D752A2FF}</UniqueIdentifier>
      <Extensions>cpp;c;cxx;def;odl;idl;hpj;bat;asm;asmx</Extensions>
    </Filter>
    <Filter Include="Distribution Files">
      <UniqueIdentifier>{B83CAF91-C7BF-462F-B76C-EA11631F866C}</UniqueIdentifier>
      <Extensions>*</Extensions>
      <ParseFiles>false</ParseFiles>
    </Filter>
    <Filter Include="Distribution Files">
      <UniqueIdentifier>{B83CAF91-C7BF-462F-B76C-EA11631F866C}</UniqueIdentifier>
      <Extensions>*</Extensions>
      <ParseFiles>false</ParseFiles>
    </Filter>
  </ItemGroup>
  <ItemGroup>
    <ClCompile Include="Gloabal.cpp">
      <Filter>Source Files</Filter>
    </ClCompile>
    <ClCompile Include="MaskWidget.cpp">
      <Filter>Source Files</Filter>
    </ClCompile>
    <ClCompile Include="OperatorSucceed.cpp">
      <Filter>Source Files</Filter>
    </ClCompile>
    <ClCompile Include="Payment.cpp">
      <Filter>Source Files</Filter>
    </ClCompile>
    <ClCompile Include="..\utility\TimeUtility.cpp">
      <Filter>Source Files</Filter>
    </ClCompile>
    <ClCompile Include="..\utility\Utility.cpp">
      <Filter>Source Files</Filter>
    </ClCompile>
    <ClCompile Include="SDK\dvtldcamocx\dvtldcamocxlib.cpp">
      <Filter>Source Files</Filter>
    </ClCompile>
    <ClCompile Include="main.cpp">
      <Filter>Source Files</Filter>
    </ClCompile>
    <ClCompile Include="mainpage.cpp">
      <Filter>Source Files</Filter>
    </ClCompile>
    <ClCompile Include="mainwindow.cpp">
      <Filter>Source Files</Filter>
    </ClCompile>
    <ClCompile Include="qmainstackpage.cpp">
      <Filter>Source Files</Filter>
    </ClCompile>
    <ClCompile Include="qpinkeybroad.cpp">
      <Filter>Source Files</Filter>
    </ClCompile>
    <ClCompile Include="qstackpage.cpp">
      <Filter>Source Files</Filter>
    </ClCompile>
    <ClCompile Include="registerlost.cpp">
      <Filter>Source Files</Filter>
    </ClCompile>
    <ClCompile Include="rl_ensureinformation.cpp">
      <Filter>Source Files</Filter>
    </ClCompile>
    <ClCompile Include="uc_adforfinance.cpp">
      <Filter>Source Files</Filter>
    </ClCompile>
    <ClCompile Include="uc_ensureinformation.cpp">
      <Filter>Source Files</Filter>
    </ClCompile>
    <ClCompile Include="uc_facecapture.cpp">
      <Filter>Source Files</Filter>
    </ClCompile>
    <ClCompile Include="uc_inputmobile.cpp">
      <Filter>Source Files</Filter>
    </ClCompile>
    <ClCompile Include="uc_makecard.cpp">
      <Filter>Source Files</Filter>
    </ClCompile>
    <ClCompile Include="uc_pay.cpp">
      <Filter>Source Files</Filter>
    </ClCompile>
    <ClCompile Include="uc_readidcard.cpp">
      <Filter>Source Files</Filter>
    </ClCompile>
    <ClCompile Include="up_Inputpwd.cpp">
      <Filter>Source Files</Filter>
    </ClCompile>
    <ClCompile Include="up_changepwd.cpp">
      <Filter>Source Files</Filter>
    </ClCompile>
    <ClCompile Include="up_readsscard.cpp">
      <Filter>Source Files</Filter>
    </ClCompile>
    <ClCompile Include="updatecard.cpp">
      <Filter>Source Files</Filter>
    </ClCompile>
    <ClCompile Include="updatepassword.cpp">
      <Filter>Source Files</Filter>
    </ClCompile>
    <ClCompile Include="imageviewlabel.cpp">
      <Filter>Source Files</Filter>
    </ClCompile>
  </ItemGroup>
  <ItemGroup>
    <ClInclude Include="..\utility\AutoLock.h">
      <Filter>Header Files</Filter>
    </ClInclude>
    <ClInclude Include="Gloabal.h">
      <Filter>Header Files</Filter>
    </ClInclude>
    <QtMoc Include="MaskWidget.h">
      <Filter>Header Files</Filter>
    </QtMoc>
    <QtMoc Include="OperatorSucceed.h">
      <Filter>Header Files</Filter>
    </QtMoc>
    <ClInclude Include="Payment.h">
      <Filter>Header Files</Filter>
    </ClInclude>
    <ClInclude Include="..\utility\TimeUtility.h">
      <Filter>Header Files</Filter>
    </ClInclude>
    <ClInclude Include="..\utility\Utility.h">
      <Filter>Header Files</Filter>
    </ClInclude>
    <ClInclude Include="SDK\dvtldcamocx\dvtldcamocxlib.h">
      <Filter>Header Files</Filter>
    </ClInclude>
    <QtMoc Include="mainpage.h">
      <Filter>Header Files</Filter>
    </QtMoc>
    <QtMoc Include="mainwindow.h">
      <Filter>Header Files</Filter>
    </QtMoc>
    <QtMoc Include="qmainstackpage.h">
      <Filter>Header Files</Filter>
    </QtMoc>
    <QtMoc Include="qpinkeybroad.h">
      <Filter>Header Files</Filter>
    </QtMoc>
    <QtMoc Include="qstackpage.h">
      <Filter>Header Files</Filter>
    </QtMoc>
    <QtMoc Include="registerlost.h">
      <Filter>Header Files</Filter>
    </QtMoc>
    <QtMoc Include="rl_ensureinformation.h">
      <Filter>Header Files</Filter>
    </QtMoc>
    <QtMoc Include="uc_adforfinance.h">
      <Filter>Header Files</Filter>
    </QtMoc>
    <QtMoc Include="uc_ensureinformation.h">
      <Filter>Header Files</Filter>
    </QtMoc>
    <QtMoc Include="uc_facecapture.h">
      <Filter>Header Files</Filter>
    </QtMoc>
    <QtMoc Include="uc_inputmobile.h">
      <Filter>Header Files</Filter>
    </QtMoc>
    <QtMoc Include="uc_makecard.h">
      <Filter>Header Files</Filter>
    </QtMoc>
    <QtMoc Include="uc_pay.h">
      <Filter>Header Files</Filter>
    </QtMoc>
    <QtMoc Include="uc_readidcard.h">
      <Filter>Header Files</Filter>
    </QtMoc>
    <QtMoc Include="up_Inputpwd.h">
      <Filter>Header Files</Filter>
    </QtMoc>
    <QtMoc Include="up_changepwd.h">
      <Filter>Header Files</Filter>
    </QtMoc>
    <QtMoc Include="up_readsscard.h">
      <Filter>Header Files</Filter>
    </QtMoc>
    <QtMoc Include="updatecard.h">
      <Filter>Header Files</Filter>
    </QtMoc>
    <QtMoc Include="updatepassword.h">
      <Filter>Header Files</Filter>
    </QtMoc>
  </ItemGroup>
  <ItemGroup>
    <CustomBuild Include="debug\moc_predefs.h.cbt">
      <Filter>Generated Files</Filter>
    </CustomBuild>
    <CustomBuild Include="release\moc_predefs.h.cbt">
      <Filter>Generated Files</Filter>
    </CustomBuild>
  </ItemGroup>
  <ItemGroup>
    <QtUic Include="MaskWidget.ui">
      <Filter>Form Files</Filter>
    </QtUic>
    <QtUic Include="OperatorSucceed.ui">
      <Filter>Form Files</Filter>
    </QtUic>
    <QtUic Include="mainpage.ui">
      <Filter>Form Files</Filter>
    </QtUic>
    <QtUic Include="mainwindow.ui">
      <Filter>Form Files</Filter>
    </QtUic>
    <QtUic Include="registerlost.ui">
      <Filter>Form Files</Filter>
    </QtUic>
    <QtUic Include="rl_ensureinformation.ui">
      <Filter>Form Files</Filter>
    </QtUic>
    <QtUic Include="uc_adforfinance.ui">
      <Filter>Form Files</Filter>
    </QtUic>
    <QtUic Include="uc_ensureinformation.ui">
      <Filter>Form Files</Filter>
    </QtUic>
    <QtUic Include="uc_facecapture.ui">
      <Filter>Form Files</Filter>
    </QtUic>
    <QtUic Include="uc_inputmobile.ui">
      <Filter>Form Files</Filter>
    </QtUic>
    <QtUic Include="uc_makecard.ui">
      <Filter>Form Files</Filter>
    </QtUic>
    <QtUic Include="uc_pay.ui">
      <Filter>Form Files</Filter>
    </QtUic>
    <QtUic Include="uc_readidcard.ui">
      <Filter>Form Files</Filter>
    </QtUic>
    <QtUic Include="up_Inputpwd.ui">
      <Filter>Form Files</Filter>
    </QtUic>
    <QtUic Include="up_changepwd.ui">
      <Filter>Form Files</Filter>
    </QtUic>
    <QtUic Include="up_readsscard.ui">
      <Filter>Form Files</Filter>
    </QtUic>
    <QtUic Include="updatecard.ui">
      <Filter>Form Files</Filter>
    </QtUic>
    <QtUic Include="updatepassword.ui">
      <Filter>Form Files</Filter>
    </QtUic>
  </ItemGroup>
  <ItemGroup>
    <None Include="Image\Homepage.png">
      <Filter>Resource Files</Filter>
    </None>
    <QtRcc Include="Image.qrc">
      <Filter>Resource Files</Filter>
    </QtRcc>
    <None Include="Image\OK.png">
      <Filter>Resource Files</Filter>
    </None>
    <None Include="Image\Registerlost.png">
      <Filter>Resource Files</Filter>
    </None>
    <None Include="Image\Status_Finish.png">
      <Filter>Resource Files</Filter>
    </None>
    <None Include="Image\UpdateCard.png">
      <Filter>Resource Files</Filter>
    </None>
    <None Include="Image\Wait_Cursor.png">
      <Filter>Resource Files</Filter>
    </None>
    <None Include="Image\backgroud.jpg">
      <Filter>Resource Files</Filter>
    </None>
    <None Include="Image\banklogo.png">
      <Filter>Resource Files</Filter>
    </None>
    <None Include="Image\error.png">
      <Filter>Resource Files</Filter>
    </None>
    <None Include="Image\qr_pay.png">
      <Filter>Resource Files</Filter>
    </None>
    <None Include="Image\qr_wechat1.png">
      <Filter>Resource Files</Filter>
    </None>
    <None Include="Image\qr_wechat2.png">
      <Filter>Resource Files</Filter>
    </None>
    <None Include="Image\todo.png">
      <Filter>Resource Files</Filter>
    </None>
  </ItemGroup>
  <ItemGroup>
    <None Include="qml\SliderPlayer.qml">
      <Filter>Distribution Files</Filter>
    </None>
  </ItemGroup>
  <ItemGroup>
    <QtMoc Include="imageviewlabel.h">
      <Filter>Header Files</Filter>
    </QtMoc>
  </ItemGroup>
</Project>