<?xml version="1.0" encoding="utf-8"?>
<Project ToolsVersion="4.0" xmlns="http://schemas.microsoft.com/developer/msbuild/2003">
  <ItemGroup>
    <Filter Include="Source Files">
      <UniqueIdentifier>{4FC737F1-C7A5-4376-A066-2A32D752A2FF}</UniqueIdentifier>
      <Extensions>qml;cpp;c;cc;cxx;def;odl;idl;hpj;bat;asm;asmx</Extensions>
    </Filter>
    <Filter Include="Header Files">
      <UniqueIdentifier>{93995380-89BD-4b04-88EB-625FBE52EBFB}</UniqueIdentifier>
      <Extensions>h;hh;hpp;hxx;hm;inl;inc;xsd</Extensions>
    </Filter>
    <Filter Include="Resource Files">
      <UniqueIdentifier>{67DA6AB6-F800-4c08-8B7A-83BB121AAD01}</UniqueIdentifier>
      <Extensions>qrc;rc;ico;cur;bmp;dlg;rc2;rct;bin;rgs;gif;jpg;jpeg;jpe;resx;tiff;tif;png;wav;mfcribbon-ms</Extensions>
    </Filter>
    <Filter Include="Form Files">
      <UniqueIdentifier>{99349809-55BA-4b9d-BF79-8FDBB0286EB3}</UniqueIdentifier>
      <Extensions>ui</Extensions>
    </Filter>
    <Filter Include="Translation Files">
      <UniqueIdentifier>{639EADAA-A684-42e4-A9AD-28FC9BCB8F7C}</UniqueIdentifier>
      <Extensions>ts</Extensions>
    </Filter>
    <Filter Include="json">
      <UniqueIdentifier>{2a770ccd-2651-44e1-a793-67a65933c815}</UniqueIdentifier>
    </Filter>
    <Filter Include="utility">
      <UniqueIdentifier>{4cea7139-0ae2-4b46-8da0-c18f4cf29df2}</UniqueIdentifier>
    </Filter>
  </ItemGroup>
  <ItemGroup>
    <QtUic Include="SSCard_System.ui">
      <Filter>Form Files</Filter>
    </QtUic>
  </ItemGroup>
  <ItemGroup>
    <ClCompile Include="main.cpp">
      <Filter>Source Files</Filter>
    </ClCompile>
    <ClCompile Include="WMIQuery.cpp">
      <Filter>Source Files</Filter>
    </ClCompile>
    <ClCompile Include="waitingprogress.cpp">
      <Filter>Source Files</Filter>
    </ClCompile>
    <ClCompile Include="updatepassword.cpp">
      <Filter>Source Files</Filter>
    </ClCompile>
    <ClCompile Include="updatecard.cpp">
      <Filter>Source Files</Filter>
    </ClCompile>
    <ClCompile Include="up_readsscard.cpp">
      <Filter>Source Files</Filter>
    </ClCompile>
    <ClCompile Include="up_Inputpwd.cpp">
      <Filter>Source Files</Filter>
    </ClCompile>
    <ClCompile Include="up_changepwd.cpp">
      <Filter>Source Files</Filter>
    </ClCompile>
    <ClCompile Include="uc_readidcard.cpp">
      <Filter>Source Files</Filter>
    </ClCompile>
    <ClCompile Include="uc_pay.cpp">
      <Filter>Source Files</Filter>
    </ClCompile>
    <ClCompile Include="uc_makecard.cpp">
      <Filter>Source Files</Filter>
    </ClCompile>
    <ClCompile Include="uc_inputmobile.cpp">
      <Filter>Source Files</Filter>
    </ClCompile>
    <ClCompile Include="uc_inputidcardinfo.cpp">
      <Filter>Source Files</Filter>
    </ClCompile>
    <ClCompile Include="uc_facecapture.cpp">
      <Filter>Source Files</Filter>
    </ClCompile>
    <ClCompile Include="uc_ensureinformation.cpp">
      <Filter>Source Files</Filter>
    </ClCompile>
    <ClCompile Include="uc_adforfinance.cpp">
      <Filter>Source Files</Filter>
    </ClCompile>
    <ClCompile Include="SystemManager.cpp">
      <Filter>Source Files</Filter>
    </ClCompile>
    <ClCompile Include="Sys_regionconfigure.cpp">
      <Filter>Source Files</Filter>
    </ClCompile>
    <ClCompile Include="Sys_qwidgetreadidcard.cpp">
      <Filter>Source Files</Filter>
    </ClCompile>
    <ClCompile Include="Sys_pageconfigure.cpp">
      <Filter>Source Files</Filter>
    </ClCompile>
    <ClCompile Include="Sys_otheroptions.cpp">
      <Filter>Source Files</Filter>
    </ClCompile>
    <ClCompile Include="sys_manualmakecard.cpp">
      <Filter>Source Files</Filter>
    </ClCompile>
    <ClCompile Include="Sys_logmanager.cpp">
      <Filter>Source Files</Filter>
    </ClCompile>
    <ClCompile Include="sys_dialogreadidcard.cpp">
      <Filter>Source Files</Filter>
    </ClCompile>
    <ClCompile Include="Sys_dialogidcardinfo.cpp">
      <Filter>Source Files</Filter>
    </ClCompile>
    <ClCompile Include="Sys_dialogcameratest.cpp">
      <Filter>Source Files</Filter>
    </ClCompile>
    <ClCompile Include="Sys_DeviceManager.cpp">
      <Filter>Source Files</Filter>
    </ClCompile>
    <ClCompile Include="Sys_cardmanger.cpp">
      <Filter>Source Files</Filter>
    </ClCompile>
    <ClCompile Include="showlicense.cpp">
      <Filter>Source Files</Filter>
    </ClCompile>
    <ClCompile Include="registerlost.cpp">
      <Filter>Source Files</Filter>
    </ClCompile>
    <ClCompile Include="qstackpage.cpp">
      <Filter>Source Files</Filter>
    </ClCompile>
    <ClCompile Include="qpinkeybroad.cpp">
      <Filter>Source Files</Filter>
    </ClCompile>
    <ClCompile Include="qmainstackpage.cpp">
      <Filter>Source Files</Filter>
    </ClCompile>
    <ClCompile Include="Payment.cpp">
      <Filter>Source Files</Filter>
    </ClCompile>
    <ClCompile Include="OperatorSucceed.cpp">
      <Filter>Source Files</Filter>
    </ClCompile>
    <ClCompile Include="newcard.cpp">
      <Filter>Source Files</Filter>
    </ClCompile>
    <ClCompile Include="MaskWidget.cpp">
      <Filter>Source Files</Filter>
    </ClCompile>
    <ClCompile Include="mainwindow.cpp">
      <Filter>Source Files</Filter>
    </ClCompile>
    <ClCompile Include="mainpage.cpp">
      <Filter>Source Files</Filter>
    </ClCompile>
    <ClCompile Include="imageviewlabel.cpp">
      <Filter>Source Files</Filter>
    </ClCompile>
    <ClCompile Include="Gloabal.cpp">
      <Filter>Source Files</Filter>
    </ClCompile>
    <ClCompile Include="CheckPassword.cpp">
      <Filter>Source Files</Filter>
    </ClCompile>
    <ClCompile Include="aestools.cpp">
      <Filter>Source Files</Filter>
    </ClCompile>
    <ClCompile Include="aes.cpp">
      <Filter>Source Files</Filter>
    </ClCompile>
    <ClCompile Include="administer.cpp">
      <Filter>Source Files</Filter>
    </ClCompile>
    <ClCompile Include="..\utility\json\cJSON.c">
      <Filter>json</Filter>
    </ClCompile>
    <ClCompile Include="..\utility\json\CJsonObject.cpp">
      <Filter>json</Filter>
    </ClCompile>
    <ClCompile Include="..\utility\TimeUtility.cpp">
      <Filter>utility</Filter>
    </ClCompile>
    <ClCompile Include="..\utility\Utility.cpp">
      <Filter>utility</Filter>
    </ClCompile>
    <ClCompile Include="license.cpp">
      <Filter>Source Files</Filter>
    </ClCompile>
    <ClCompile Include="sys_sscardapitest.cpp">
      <Filter>Source Files</Filter>
    </ClCompile>
  </ItemGroup>
  <ItemGroup>
    <QtUic Include="administer.ui">
      <Filter>Form Files</Filter>
    </QtUic>
    <QtUic Include="CheckPassword.ui">
      <Filter>Form Files</Filter>
    </QtUic>
    <QtUic Include="mainpage.new.ui">
      <Filter>Form Files</Filter>
    </QtUic>
    <QtUic Include="mainpage.ui">
      <Filter>Form Files</Filter>
    </QtUic>
    <QtUic Include="mainwindow.ui">
      <Filter>Form Files</Filter>
    </QtUic>
    <QtUic Include="MaskWidget.ui">
      <Filter>Form Files</Filter>
    </QtUic>
    <QtUic Include="Newcard.ui">
      <Filter>Form Files</Filter>
    </QtUic>
    <QtUic Include="OperatorSucceed.ui">
      <Filter>Form Files</Filter>
    </QtUic>
    <QtUic Include="registerlost.ui">
      <Filter>Form Files</Filter>
    </QtUic>
    <QtUic Include="showlicense.ui">
      <Filter>Form Files</Filter>
    </QtUic>
    <QtUic Include="Sys_cardmanger.ui">
      <Filter>Form Files</Filter>
    </QtUic>
    <QtUic Include="Sys_DeviceManager.ui">
      <Filter>Form Files</Filter>
    </QtUic>
    <QtUic Include="Sys_dialogcameratest.ui">
      <Filter>Form Files</Filter>
    </QtUic>
    <QtUic Include="Sys_dialogidcardinfo.ui">
      <Filter>Form Files</Filter>
    </QtUic>
    <QtUic Include="sys_dialogreadidcard.ui">
      <Filter>Form Files</Filter>
    </QtUic>
    <QtUic Include="Sys_logmanager.ui">
      <Filter>Form Files</Filter>
    </QtUic>
    <QtUic Include="sys_manualmakecard.ui">
      <Filter>Form Files</Filter>
    </QtUic>
    <QtUic Include="Sys_otheroptions.ui">
      <Filter>Form Files</Filter>
    </QtUic>
    <QtUic Include="Sys_pageconfigure.ui">
      <Filter>Form Files</Filter>
    </QtUic>
    <QtUic Include="Sys_qwidgetreadidcard.ui">
      <Filter>Form Files</Filter>
    </QtUic>
    <QtUic Include="Sys_regionconfigure.ui">
      <Filter>Form Files</Filter>
    </QtUic>
    <QtUic Include="sys_sscardapitest.ui">
      <Filter>Form Files</Filter>
    </QtUic>
    <QtUic Include="SystemManager.ui">
      <Filter>Form Files</Filter>
    </QtUic>
    <QtUic Include="uc_adforfinance.ui">
      <Filter>Form Files</Filter>
    </QtUic>
    <QtUic Include="uc_ensureinformation.ui">
      <Filter>Form Files</Filter>
    </QtUic>
    <QtUic Include="uc_facecapture.ui">
      <Filter>Form Files</Filter>
    </QtUic>
    <QtUic Include="uc_facecapture_ocx.ui">
      <Filter>Form Files</Filter>
    </QtUic>
    <QtUic Include="uc_inputidcardinfo.ui">
      <Filter>Form Files</Filter>
    </QtUic>
    <QtUic Include="uc_inputmobile.ui">
      <Filter>Form Files</Filter>
    </QtUic>
    <QtUic Include="uc_makecard.ui">
      <Filter>Form Files</Filter>
    </QtUic>
    <QtUic Include="uc_pay.ui">
      <Filter>Form Files</Filter>
    </QtUic>
    <QtUic Include="uc_readidcard.ui">
      <Filter>Form Files</Filter>
    </QtUic>
    <QtUic Include="up_changepwd.ui">
      <Filter>Form Files</Filter>
    </QtUic>
    <QtUic Include="up_Inputpwd.ui">
      <Filter>Form Files</Filter>
    </QtUic>
    <QtUic Include="up_readsscard.ui">
      <Filter>Form Files</Filter>
    </QtUic>
    <QtUic Include="updatecard.ui">
      <Filter>Form Files</Filter>
    </QtUic>
    <QtUic Include="updatepassword.ui">
      <Filter>Form Files</Filter>
    </QtUic>
    <QtUic Include="waitingprogress.ui">
      <Filter>Form Files</Filter>
    </QtUic>
  </ItemGroup>
  <ItemGroup>
    <QtRcc Include="Image.qrc">
      <Filter>Resource Files</Filter>
    </QtRcc>
  </ItemGroup>
  <ItemGroup>
    <QtMoc Include="administer.h">
      <Filter>Header Files</Filter>
    </QtMoc>
    <QtMoc Include="CheckPassword.h">
      <Filter>Header Files</Filter>
    </QtMoc>
    <QtMoc Include="ConfigurePage.h">
      <Filter>Header Files</Filter>
    </QtMoc>
    <QtMoc Include="imageviewlabel.h">
      <Filter>Header Files</Filter>
    </QtMoc>
    <QtMoc Include="mainpage.h">
      <Filter>Header Files</Filter>
    </QtMoc>
    <QtMoc Include="mainwindow.h">
      <Filter>Header Files</Filter>
    </QtMoc>
    <QtMoc Include="MaskWidget.h">
      <Filter>Header Files</Filter>
    </QtMoc>
    <QtMoc Include="newcard.h">
      <Filter>Header Files</Filter>
    </QtMoc>
    <QtMoc Include="OperatorSucceed.h">
      <Filter>Header Files</Filter>
    </QtMoc>
    <QtMoc Include="qmainstackpage.h">
      <Filter>Header Files</Filter>
    </QtMoc>
    <QtMoc Include="qpinkeybroad.h">
      <Filter>Header Files</Filter>
    </QtMoc>
    <QtMoc Include="qstackpage.h">
      <Filter>Header Files</Filter>
    </QtMoc>
    <QtMoc Include="registerlost.h">
      <Filter>Header Files</Filter>
    </QtMoc>
    <QtMoc Include="showlicense.h">
      <Filter>Header Files</Filter>
    </QtMoc>
    <QtMoc Include="Sys_cardmanger.h">
      <Filter>Header Files</Filter>
    </QtMoc>
    <QtMoc Include="Sys_DeviceManager.h">
      <Filter>Header Files</Filter>
    </QtMoc>
    <QtMoc Include="Sys_dialogcameratest.h">
      <Filter>Header Files</Filter>
    </QtMoc>
    <QtMoc Include="Sys_dialogidcardinfo.h">
      <Filter>Header Files</Filter>
    </QtMoc>
    <QtMoc Include="sys_dialogreadidcard.h">
      <Filter>Header Files</Filter>
    </QtMoc>
    <QtMoc Include="Sys_logmanager.h">
      <Filter>Header Files</Filter>
    </QtMoc>
    <QtMoc Include="sys_manualmakecard.h">
      <Filter>Header Files</Filter>
    </QtMoc>
    <QtMoc Include="Sys_otheroptions.h">
      <Filter>Header Files</Filter>
    </QtMoc>
    <QtMoc Include="Sys_pageconfigure.h">
      <Filter>Header Files</Filter>
    </QtMoc>
    <QtMoc Include="Sys_qwidgetreadidcard.h">
      <Filter>Header Files</Filter>
    </QtMoc>
    <QtMoc Include="Sys_regionconfigure.h">
      <Filter>Header Files</Filter>
    </QtMoc>
    <QtMoc Include="SystemManager.h">
      <Filter>Header Files</Filter>
    </QtMoc>
    <QtMoc Include="uc_adforfinance.h">
      <Filter>Header Files</Filter>
    </QtMoc>
    <QtMoc Include="uc_ensureinformation.h">
      <Filter>Header Files</Filter>
    </QtMoc>
    <QtMoc Include="uc_facecapture.h">
      <Filter>Header Files</Filter>
    </QtMoc>
    <QtMoc Include="uc_inputidcardinfo.h">
      <Filter>Header Files</Filter>
    </QtMoc>
    <QtMoc Include="uc_inputmobile.h">
      <Filter>Header Files</Filter>
    </QtMoc>
    <QtMoc Include="uc_makecard.h">
      <Filter>Header Files</Filter>
    </QtMoc>
    <QtMoc Include="uc_pay.h">
      <Filter>Header Files</Filter>
    </QtMoc>
    <QtMoc Include="uc_readidcard.h">
      <Filter>Header Files</Filter>
    </QtMoc>
    <QtMoc Include="updatecard.h">
      <Filter>Header Files</Filter>
    </QtMoc>
    <QtMoc Include="up_changepwd.h">
      <Filter>Header Files</Filter>
    </QtMoc>
    <QtMoc Include="up_Inputpwd.h">
      <Filter>Header Files</Filter>
    </QtMoc>
    <QtMoc Include="up_readsscard.h">
      <Filter>Header Files</Filter>
    </QtMoc>
    <QtMoc Include="updatepassword.h">
      <Filter>Header Files</Filter>
    </QtMoc>
    <QtMoc Include="waitingprogress.h">
      <Filter>Header Files</Filter>
    </QtMoc>
    <QtMoc Include="sys_sscardapitest.h">
      <Filter>Header Files</Filter>
    </QtMoc>
  </ItemGroup>
  <ItemGroup>
    <ClInclude Include="aes.h">
      <Filter>Header Files</Filter>
    </ClInclude>
    <ClInclude Include="aestools.h">
      <Filter>Header Files</Filter>
    </ClInclude>
    <ClInclude Include="CPinbroad.hpp">
      <Filter>Header Files</Filter>
    </ClInclude>
    <ClInclude Include="DevBase.h">
      <Filter>Header Files</Filter>
    </ClInclude>
    <ClInclude Include="Gloabal.h">
      <Filter>Header Files</Filter>
    </ClInclude>
    <ClInclude Include="license.h">
      <Filter>Header Files</Filter>
    </ClInclude>
    <ClInclude Include="Payment.h">
      <Filter>Header Files</Filter>
    </ClInclude>
    <ClInclude Include="resource.h">
      <Filter>Header Files</Filter>
    </ClInclude>
    <ClInclude Include="..\utility\json\cJSON.h">
      <Filter>json</Filter>
    </ClInclude>
    <ClInclude Include="..\utility\json\CJsonObject.hpp">
      <Filter>json</Filter>
    </ClInclude>
    <ClInclude Include="..\utility\TimeUtility.h">
      <Filter>utility</Filter>
    </ClInclude>
    <ClInclude Include="..\utility\Utility.h">
      <Filter>utility</Filter>
    </ClInclude>
  </ItemGroup>
  <ItemGroup>
    <None Include="qt.conf">
      <Filter>Resource Files</Filter>
    </None>
  </ItemGroup>
  <ItemGroup>
    <ResourceCompile Include="SSCard_System.rc">
      <Filter>Resource Files</Filter>
    </ResourceCompile>
  </ItemGroup>
  <ItemGroup>
    <Image Include="SSCard_System.ico">
      <Filter>Resource Files</Filter>
    </Image>
  </ItemGroup>
</Project>