
Microsoft Visual Studio Solution File, Format Version 12.00
# Visual Studio Version 16
VisualStudioVersion = 16.0.31729.503
MinimumVisualStudioVersion = 10.0.40219.1
Project("{8BC9CEB8-8B4A-11D0-8D11-00A0C91BC942}") = "FaceDetect", "..\FaceDetect\FaceDetect.vcxproj", "{7DFBB88C-1A14-39D7-BEB1-4FF4B850B68D}"
EndProject
Project("{8BC9CEB8-8B4A-11D0-8D11-00A0C91BC942}") = "KT_Reader", "..\..\SDK.git\Reader\KT_Reader\KT_Reader\KT_Reader.vcxproj", "{98F15048-CD25-4AA5-8FC8-BC7CEF438930}"
EndProject
Project("{8BC9CEB8-8B4A-11D0-8D11-00A0C91BC942}") = "SSCardDriver", "..\..\SDK.git\sscarddriver\SSCardDriver\SSCardDriver\SSCardDriver.vcxproj", "{70BEA03B-6149-4CDD-825C-E221D80F2F97}"
EndProject
Project("{8BC9CEB8-8B4A-11D0-8D11-00A0C91BC942}") = "SSCardHSM", "..\..\SDK.git\sscardhsm\SSCardHSM\SSCardHSM\SSCardHSM.vcxproj", "{90F4AE68-8FBA-4207-ABEB-1FA219EAFAB2}"
EndProject
Project("{8BC9CEB8-8B4A-11D0-8D11-00A0C91BC942}") = "SSCardInfo", "..\..\SDK.git\SSCardInfo\SSCardInfo\SSCardInfo\SSCardInfo.vcxproj", "{D9DA35CC-C04B-41A1-8450-A90FB2CE4073}"
EndProject
Project("{8BC9CEB8-8B4A-11D0-8D11-00A0C91BC942}") = "SSCard_System", "SSCard_System.vcxproj", "{BC6D4351-6EBD-302D-B02A-B487AFA02B95}"
EndProject
Project("{8BC9CEB8-8B4A-11D0-8D11-00A0C91BC942}") = "KT_Printer", "..\..\SDK.git\Printer\KT_Printer\KT_Printer\KT_Printer.vcxproj", "{F3FE196E-1764-4CAF-AC01-1418C61E60EC}"
EndProject
Project("{8BC9CEB8-8B4A-11D0-8D11-00A0C91BC942}") = "IDCard_API", "..\IDCard_API\IDCard_API.vcxproj", "{33AB2C65-02D7-3B31-9290-E148CCA8499F}"
EndProject
Project("{8BC9CEB8-8B4A-11D0-8D11-00A0C91BC942}") = "KingaoLicense", "..\KingaoLicense\KingaoLicense.vcxproj", "{6DDAF258-CE44-33B2-BE1A-EF97309158D0}"
EndProject
Project("{8BC9CEB8-8B4A-11D0-8D11-00A0C91BC942}") = "SSCardService_SanDong", "..\SSCardService_SanDong\SSCardService_SanDong.vcxproj", "{02F650B8-B868-4752-B4F7-850675B688A4}"
EndProject
Project("{8BC9CEB8-8B4A-11D0-8D11-00A0C91BC942}") = "SD_SSCardInfo", "..\..\SDK.git\sd_sscardinfo\SD_SSCardInfo\SD_SSCardInfo\SD_SSCardInfo.vcxproj", "{55D1C509-7E02-43A1-977D-248F6E60252F}"
EndProject
Project("{8BC9CEB8-8B4A-11D0-8D11-00A0C91BC942}") = "SSCardService_Henan", "..\SSCardService_Henan\SSCardService_Henan.vcxproj", "{9A5E00D7-72C9-4D79-91C1-34E58A4FF086}"
EndProject
Project("{8BC9CEB8-8B4A-11D0-8D11-00A0C91BC942}") = "SampleCode", "..\SampleCode\SampleCode.vcxproj", "{05A7A15C-BF71-45F2-8A66-630D8759D013}"
EndProject
Global
	GlobalSection(SolutionConfigurationPlatforms) = preSolution
		Debug|x64 = Debug|x64
		Debug|x86 = Debug|x86
		Release|x64 = Release|x64
		Release|x86 = Release|x86
	EndGlobalSection
	GlobalSection(ProjectConfigurationPlatforms) = postSolution
		{7DFBB88C-1A14-39D7-BEB1-4FF4B850B68D}.Debug|x64.ActiveCfg = Debug|Win32
		{7DFBB88C-1A14-39D7-BEB1-4FF4B850B68D}.Debug|x86.ActiveCfg = Debug|Win32
		{7DFBB88C-1A14-39D7-BEB1-4FF4B850B68D}.Debug|x86.Build.0 = Debug|Win32
		{7DFBB88C-1A14-39D7-BEB1-4FF4B850B68D}.Release|x64.ActiveCfg = Release|Win32
		{7DFBB88C-1A14-39D7-BEB1-4FF4B850B68D}.Release|x86.ActiveCfg = Release|Win32
		{7DFBB88C-1A14-39D7-BEB1-4FF4B850B68D}.Release|x86.Build.0 = Release|Win32
		{98F15048-CD25-4AA5-8FC8-BC7CEF438930}.Debug|x64.ActiveCfg = Debug|x64
		{98F15048-CD25-4AA5-8FC8-BC7CEF438930}.Debug|x64.Build.0 = Debug|x64
		{98F15048-CD25-4AA5-8FC8-BC7CEF438930}.Debug|x86.ActiveCfg = Debug|Win32
		{98F15048-CD25-4AA5-8FC8-BC7CEF438930}.Debug|x86.Build.0 = Debug|Win32
		{98F15048-CD25-4AA5-8FC8-BC7CEF438930}.Release|x64.ActiveCfg = Release|x64
		{98F15048-CD25-4AA5-8FC8-BC7CEF438930}.Release|x64.Build.0 = Release|x64
		{98F15048-CD25-4AA5-8FC8-BC7CEF438930}.Release|x86.ActiveCfg = Release|Win32
		{98F15048-CD25-4AA5-8FC8-BC7CEF438930}.Release|x86.Build.0 = Release|Win32
		{70BEA03B-6149-4CDD-825C-E221D80F2F97}.Debug|x64.ActiveCfg = Debug|x64
		{70BEA03B-6149-4CDD-825C-E221D80F2F97}.Debug|x64.Build.0 = Debug|x64
		{70BEA03B-6149-4CDD-825C-E221D80F2F97}.Debug|x86.ActiveCfg = Debug|Win32
		{70BEA03B-6149-4CDD-825C-E221D80F2F97}.Debug|x86.Build.0 = Debug|Win32
		{70BEA03B-6149-4CDD-825C-E221D80F2F97}.Release|x64.ActiveCfg = Release|x64
		{70BEA03B-6149-4CDD-825C-E221D80F2F97}.Release|x64.Build.0 = Release|x64
		{70BEA03B-6149-4CDD-825C-E221D80F2F97}.Release|x86.ActiveCfg = Release|Win32
		{70BEA03B-6149-4CDD-825C-E221D80F2F97}.Release|x86.Build.0 = Release|Win32
		{90F4AE68-8FBA-4207-ABEB-1FA219EAFAB2}.Debug|x64.ActiveCfg = Debug|x64
		{90F4AE68-8FBA-4207-ABEB-1FA219EAFAB2}.Debug|x64.Build.0 = Debug|x64
		{90F4AE68-8FBA-4207-ABEB-1FA219EAFAB2}.Debug|x86.ActiveCfg = Debug|Win32
		{90F4AE68-8FBA-4207-ABEB-1FA219EAFAB2}.Debug|x86.Build.0 = Debug|Win32
		{90F4AE68-8FBA-4207-ABEB-1FA219EAFAB2}.Release|x64.ActiveCfg = Release|x64
		{90F4AE68-8FBA-4207-ABEB-1FA219EAFAB2}.Release|x64.Build.0 = Release|x64
		{90F4AE68-8FBA-4207-ABEB-1FA219EAFAB2}.Release|x86.ActiveCfg = Release|Win32
		{90F4AE68-8FBA-4207-ABEB-1FA219EAFAB2}.Release|x86.Build.0 = Release|Win32
		{D9DA35CC-C04B-41A1-8450-A90FB2CE4073}.Debug|x64.ActiveCfg = Debug|x64
		{D9DA35CC-C04B-41A1-8450-A90FB2CE4073}.Debug|x64.Build.0 = Debug|x64
		{D9DA35CC-C04B-41A1-8450-A90FB2CE4073}.Debug|x86.ActiveCfg = Debug|Win32
		{D9DA35CC-C04B-41A1-8450-A90FB2CE4073}.Debug|x86.Build.0 = Debug|Win32
		{D9DA35CC-C04B-41A1-8450-A90FB2CE4073}.Release|x64.ActiveCfg = Release|x64
		{D9DA35CC-C04B-41A1-8450-A90FB2CE4073}.Release|x64.Build.0 = Release|x64
		{D9DA35CC-C04B-41A1-8450-A90FB2CE4073}.Release|x86.ActiveCfg = Release|Win32
		{D9DA35CC-C04B-41A1-8450-A90FB2CE4073}.Release|x86.Build.0 = Release|Win32
		{BC6D4351-6EBD-302D-B02A-B487AFA02B95}.Debug|x64.ActiveCfg = Debug|Win32
		{BC6D4351-6EBD-302D-B02A-B487AFA02B95}.Debug|x86.ActiveCfg = Debug|Win32
		{BC6D4351-6EBD-302D-B02A-B487AFA02B95}.Debug|x86.Build.0 = Debug|Win32
		{BC6D4351-6EBD-302D-B02A-B487AFA02B95}.Release|x64.ActiveCfg = Release|Win32
		{BC6D4351-6EBD-302D-B02A-B487AFA02B95}.Release|x86.ActiveCfg = Release|Win32
		{BC6D4351-6EBD-302D-B02A-B487AFA02B95}.Release|x86.Build.0 = Release|Win32
		{F3FE196E-1764-4CAF-AC01-1418C61E60EC}.Debug|x64.ActiveCfg = Debug|x64
		{F3FE196E-1764-4CAF-AC01-1418C61E60EC}.Debug|x64.Build.0 = Debug|x64
		{F3FE196E-1764-4CAF-AC01-1418C61E60EC}.Debug|x86.ActiveCfg = Debug|Win32
		{F3FE196E-1764-4CAF-AC01-1418C61E60EC}.Debug|x86.Build.0 = Debug|Win32
		{F3FE196E-1764-4CAF-AC01-1418C61E60EC}.Release|x64.ActiveCfg = Release|x64
		{F3FE196E-1764-4CAF-AC01-1418C61E60EC}.Release|x64.Build.0 = Release|x64
		{F3FE196E-1764-4CAF-AC01-1418C61E60EC}.Release|x86.ActiveCfg = Release|Win32
		{F3FE196E-1764-4CAF-AC01-1418C61E60EC}.Release|x86.Build.0 = Release|Win32
		{33AB2C65-02D7-3B31-9290-E148CCA8499F}.Debug|x64.ActiveCfg = Debug|Win32
		{33AB2C65-02D7-3B31-9290-E148CCA8499F}.Debug|x86.ActiveCfg = Debug|Win32
		{33AB2C65-02D7-3B31-9290-E148CCA8499F}.Debug|x86.Build.0 = Debug|Win32
		{33AB2C65-02D7-3B31-9290-E148CCA8499F}.Release|x64.ActiveCfg = Release|Win32
		{33AB2C65-02D7-3B31-9290-E148CCA8499F}.Release|x86.ActiveCfg = Release|Win32
		{33AB2C65-02D7-3B31-9290-E148CCA8499F}.Release|x86.Build.0 = Release|Win32
		{6DDAF258-CE44-33B2-BE1A-EF97309158D0}.Debug|x64.ActiveCfg = Debug|Win32
		{6DDAF258-CE44-33B2-BE1A-EF97309158D0}.Debug|x86.ActiveCfg = Debug|Win32
		{6DDAF258-CE44-33B2-BE1A-EF97309158D0}.Debug|x86.Build.0 = Debug|Win32
		{6DDAF258-CE44-33B2-BE1A-EF97309158D0}.Release|x64.ActiveCfg = Release|Win32
		{6DDAF258-CE44-33B2-BE1A-EF97309158D0}.Release|x86.ActiveCfg = Release|Win32
		{6DDAF258-CE44-33B2-BE1A-EF97309158D0}.Release|x86.Build.0 = Release|Win32
		{02F650B8-B868-4752-B4F7-850675B688A4}.Debug|x64.ActiveCfg = Debug|x64
		{02F650B8-B868-4752-B4F7-850675B688A4}.Debug|x64.Build.0 = Debug|x64
		{02F650B8-B868-4752-B4F7-850675B688A4}.Debug|x86.ActiveCfg = Debug|Win32
		{02F650B8-B868-4752-B4F7-850675B688A4}.Debug|x86.Build.0 = Debug|Win32
		{02F650B8-B868-4752-B4F7-850675B688A4}.Release|x64.ActiveCfg = Release|x64
		{02F650B8-B868-4752-B4F7-850675B688A4}.Release|x64.Build.0 = Release|x64
		{02F650B8-B868-4752-B4F7-850675B688A4}.Release|x86.ActiveCfg = Release|Win32
		{02F650B8-B868-4752-B4F7-850675B688A4}.Release|x86.Build.0 = Release|Win32
		{55D1C509-7E02-43A1-977D-248F6E60252F}.Debug|x64.ActiveCfg = Debug|x64
		{55D1C509-7E02-43A1-977D-248F6E60252F}.Debug|x64.Build.0 = Debug|x64
		{55D1C509-7E02-43A1-977D-248F6E60252F}.Debug|x86.ActiveCfg = Debug|Win32
		{55D1C509-7E02-43A1-977D-248F6E60252F}.Debug|x86.Build.0 = Debug|Win32
		{55D1C509-7E02-43A1-977D-248F6E60252F}.Release|x64.ActiveCfg = Release|x64
		{55D1C509-7E02-43A1-977D-248F6E60252F}.Release|x64.Build.0 = Release|x64
		{55D1C509-7E02-43A1-977D-248F6E60252F}.Release|x86.ActiveCfg = Release|Win32
		{55D1C509-7E02-43A1-977D-248F6E60252F}.Release|x86.Build.0 = Release|Win32
		{9A5E00D7-72C9-4D79-91C1-34E58A4FF086}.Debug|x64.ActiveCfg = Debug|x64
		{9A5E00D7-72C9-4D79-91C1-34E58A4FF086}.Debug|x64.Build.0 = Debug|x64
		{9A5E00D7-72C9-4D79-91C1-34E58A4FF086}.Debug|x86.ActiveCfg = Debug|Win32
		{9A5E00D7-72C9-4D79-91C1-34E58A4FF086}.Debug|x86.Build.0 = Debug|Win32
		{9A5E00D7-72C9-4D79-91C1-34E58A4FF086}.Release|x64.ActiveCfg = Release|x64
		{9A5E00D7-72C9-4D79-91C1-34E58A4FF086}.Release|x64.Build.0 = Release|x64
		{9A5E00D7-72C9-4D79-91C1-34E58A4FF086}.Release|x86.ActiveCfg = Release|Win32
		{9A5E00D7-72C9-4D79-91C1-34E58A4FF086}.Release|x86.Build.0 = Release|Win32
		{05A7A15C-BF71-45F2-8A66-630D8759D013}.Debug|x64.ActiveCfg = Debug|x64
		{05A7A15C-BF71-45F2-8A66-630D8759D013}.Debug|x64.Build.0 = Debug|x64
		{05A7A15C-BF71-45F2-8A66-630D8759D013}.Debug|x86.ActiveCfg = Debug|Win32
		{05A7A15C-BF71-45F2-8A66-630D8759D013}.Debug|x86.Build.0 = Debug|Win32
		{05A7A15C-BF71-45F2-8A66-630D8759D013}.Release|x64.ActiveCfg = Release|x64
		{05A7A15C-BF71-45F2-8A66-630D8759D013}.Release|x64.Build.0 = Release|x64
		{05A7A15C-BF71-45F2-8A66-630D8759D013}.Release|x86.ActiveCfg = Release|Win32
		{05A7A15C-BF71-45F2-8A66-630D8759D013}.Release|x86.Build.0 = Release|Win32
	EndGlobalSection
	GlobalSection(SolutionProperties) = preSolution
		HideSolutionNode = FALSE
	EndGlobalSection
	GlobalSection(ExtensibilityGlobals) = postSolution
		SolutionGuid = {73871EE9-81D5-4E6D-A804-454494F73ADC}
	EndGlobalSection
EndGlobal
