<?xml version="1.0" encoding="utf-8"?>
<Project xmlns="http://schemas.microsoft.com/developer/msbuild/2003">
  <ItemGroup>
    <Filter Include="Form Files">
      <UniqueIdentifier>{99349809-55BA-4b9d-BF79-8FDBB0286EB3}</UniqueIdentifier>
      <Extensions>ui</Extensions>
      <ParseFiles>false</ParseFiles>
    </Filter>
    <Filter Include="Form Files">
      <UniqueIdentifier>{99349809-55BA-4b9d-BF79-8FDBB0286EB3}</UniqueIdentifier>
      <Extensions>ui</Extensions>
      <ParseFiles>false</ParseFiles>
    </Filter>
    <Filter Include="Generated Files">
      <UniqueIdentifier>{71ED8ED8-ACB9-4CE9-BBE1-E00B30144E11}</UniqueIdentifier>
      <Extensions>cpp;c;cxx;moc;h;def;odl;idl;res;</Extensions>
    </Filter>
    <Filter Include="Generated Files">
      <UniqueIdentifier>{71ED8ED8-ACB9-4CE9-BBE1-E00B30144E11}</UniqueIdentifier>
      <Extensions>cpp;c;cxx;moc;h;def;odl;idl;res;</Extensions>
    </Filter>
    <Filter Include="Header Files">
      <UniqueIdentifier>{93995380-89BD-4b04-88EB-625FBE52EBFB}</UniqueIdentifier>
      <Extensions>h;hpp;hxx;hm;inl;inc;xsd</Extensions>
    </Filter>
    <Filter Include="Header Files">
      <UniqueIdentifier>{93995380-89BD-4b04-88EB-625FBE52EBFB}</UniqueIdentifier>
      <Extensions>h;hpp;hxx;hm;inl;inc;xsd</Extensions>
    </Filter>
    <Filter Include="Source Files">
      <UniqueIdentifier>{4FC737F1-C7A5-4376-A066-2A32D752A2FF}</UniqueIdentifier>
      <Extensions>cpp;c;cxx;def;odl;idl;hpj;bat;asm;asmx</Extensions>
    </Filter>
    <Filter Include="Source Files">
      <UniqueIdentifier>{4FC737F1-C7A5-4376-A066-2A32D752A2FF}</UniqueIdentifier>
      <Extensions>cpp;c;cxx;def;odl;idl;hpj;bat;asm;asmx</Extensions>
    </Filter>
  </ItemGroup>
  <ItemGroup>
    <ClCompile Include="..\utility\TimeUtility.cpp">
      <Filter>Source Files</Filter>
    </ClCompile>
    <ClCompile Include="..\utility\Utility.cpp">
      <Filter>Source Files</Filter>
    </ClCompile>
    <ClCompile Include="main.cpp">
      <Filter>Source Files</Filter>
    </ClCompile>
    <ClCompile Include="register.cpp">
      <Filter>Source Files</Filter>
    </ClCompile>
  </ItemGroup>
  <ItemGroup>
    <ClInclude Include="..\utility\TimeUtility.h">
      <Filter>Header Files</Filter>
    </ClInclude>
    <ClInclude Include="..\utility\Utility.h">
      <Filter>Header Files</Filter>
    </ClInclude>
    <ClInclude Include="..\openssl-1.0.1g\include\openssl\__DECC_INCLUDE_EPILOGUE.H">
      <Filter>Header Files</Filter>
    </ClInclude>
    <ClInclude Include="..\openssl-1.0.1g\include\openssl\__DECC_INCLUDE_PROLOGUE.H">
      <Filter>Header Files</Filter>
    </ClInclude>
    <ClInclude Include="..\openssl-1.0.1g\include\openssl\aes.h">
      <Filter>Header Files</Filter>
    </ClInclude>
    <ClInclude Include="..\openssl-1.0.1g\include\openssl\asn1.h">
      <Filter>Header Files</Filter>
    </ClInclude>
    <ClInclude Include="..\openssl-1.0.1g\include\openssl\asn1_mac.h">
      <Filter>Header Files</Filter>
    </ClInclude>
    <ClInclude Include="..\openssl-1.0.1g\include\openssl\asn1err.h">
      <Filter>Header Files</Filter>
    </ClInclude>
    <ClInclude Include="..\openssl-1.0.1g\include\openssl\asn1t.h">
      <Filter>Header Files</Filter>
    </ClInclude>
    <ClInclude Include="..\openssl-1.0.1g\include\openssl\async.h">
      <Filter>Header Files</Filter>
    </ClInclude>
    <ClInclude Include="..\openssl-1.0.1g\include\openssl\asyncerr.h">
      <Filter>Header Files</Filter>
    </ClInclude>
    <ClInclude Include="..\openssl-1.0.1g\include\openssl\bio.h">
      <Filter>Header Files</Filter>
    </ClInclude>
    <ClInclude Include="..\openssl-1.0.1g\include\openssl\bioerr.h">
      <Filter>Header Files</Filter>
    </ClInclude>
    <ClInclude Include="..\openssl-1.0.1g\include\openssl\blowfish.h">
      <Filter>Header Files</Filter>
    </ClInclude>
    <ClInclude Include="..\openssl-1.0.1g\include\openssl\bn.h">
      <Filter>Header Files</Filter>
    </ClInclude>
    <ClInclude Include="..\openssl-1.0.1g\include\openssl\bnerr.h">
      <Filter>Header Files</Filter>
    </ClInclude>
    <ClInclude Include="..\openssl-1.0.1g\include\openssl\buffer.h">
      <Filter>Header Files</Filter>
    </ClInclude>
    <ClInclude Include="..\openssl-1.0.1g\include\openssl\buffererr.h">
      <Filter>Header Files</Filter>
    </ClInclude>
    <ClInclude Include="..\openssl-1.0.1g\include\openssl\camellia.h">
      <Filter>Header Files</Filter>
    </ClInclude>
    <ClInclude Include="..\openssl-1.0.1g\include\openssl\cast.h">
      <Filter>Header Files</Filter>
    </ClInclude>
    <ClInclude Include="..\openssl-1.0.1g\include\openssl\cmac.h">
      <Filter>Header Files</Filter>
    </ClInclude>
    <ClInclude Include="..\openssl-1.0.1g\include\openssl\cms.h">
      <Filter>Header Files</Filter>
    </ClInclude>
    <ClInclude Include="..\openssl-1.0.1g\include\openssl\cmserr.h">
      <Filter>Header Files</Filter>
    </ClInclude>
    <ClInclude Include="..\openssl-1.0.1g\include\openssl\comp.h">
      <Filter>Header Files</Filter>
    </ClInclude>
    <ClInclude Include="..\openssl-1.0.1g\include\openssl\comperr.h">
      <Filter>Header Files</Filter>
    </ClInclude>
    <ClInclude Include="..\openssl-1.0.1g\include\openssl\conf.h">
      <Filter>Header Files</Filter>
    </ClInclude>
    <ClInclude Include="..\openssl-1.0.1g\include\openssl\conf_api.h">
      <Filter>Header Files</Filter>
    </ClInclude>
    <ClInclude Include="..\openssl-1.0.1g\include\openssl\conferr.h">
      <Filter>Header Files</Filter>
    </ClInclude>
    <ClInclude Include="..\openssl-1.0.1g\include\openssl\crypto.h">
      <Filter>Header Files</Filter>
    </ClInclude>
    <ClInclude Include="..\openssl-1.0.1g\include\openssl\cryptoerr.h">
      <Filter>Header Files</Filter>
    </ClInclude>
    <ClInclude Include="..\openssl-1.0.1g\include\openssl\ct.h">
      <Filter>Header Files</Filter>
    </ClInclude>
    <ClInclude Include="..\openssl-1.0.1g\include\openssl\cterr.h">
      <Filter>Header Files</Filter>
    </ClInclude>
    <ClInclude Include="..\openssl-1.0.1g\include\openssl\des.h">
      <Filter>Header Files</Filter>
    </ClInclude>
    <ClInclude Include="..\openssl-1.0.1g\include\openssl\dh.h">
      <Filter>Header Files</Filter>
    </ClInclude>
    <ClInclude Include="..\openssl-1.0.1g\include\openssl\dherr.h">
      <Filter>Header Files</Filter>
    </ClInclude>
    <ClInclude Include="..\openssl-1.0.1g\include\openssl\dsa.h">
      <Filter>Header Files</Filter>
    </ClInclude>
    <ClInclude Include="..\openssl-1.0.1g\include\openssl\dsaerr.h">
      <Filter>Header Files</Filter>
    </ClInclude>
    <ClInclude Include="..\openssl-1.0.1g\include\openssl\dtls1.h">
      <Filter>Header Files</Filter>
    </ClInclude>
    <ClInclude Include="..\openssl-1.0.1g\include\openssl\e_os2.h">
      <Filter>Header Files</Filter>
    </ClInclude>
    <ClInclude Include="..\openssl-1.0.1g\include\openssl\ebcdic.h">
      <Filter>Header Files</Filter>
    </ClInclude>
    <ClInclude Include="..\openssl-1.0.1g\include\openssl\ec.h">
      <Filter>Header Files</Filter>
    </ClInclude>
    <ClInclude Include="..\openssl-1.0.1g\include\openssl\ecdh.h">
      <Filter>Header Files</Filter>
    </ClInclude>
    <ClInclude Include="..\openssl-1.0.1g\include\openssl\ecdsa.h">
      <Filter>Header Files</Filter>
    </ClInclude>
    <ClInclude Include="..\openssl-1.0.1g\include\openssl\ecerr.h">
      <Filter>Header Files</Filter>
    </ClInclude>
    <ClInclude Include="..\openssl-1.0.1g\include\openssl\engine.h">
      <Filter>Header Files</Filter>
    </ClInclude>
    <ClInclude Include="..\openssl-1.0.1g\include\openssl\engineerr.h">
      <Filter>Header Files</Filter>
    </ClInclude>
    <ClInclude Include="..\openssl-1.0.1g\include\openssl\err.h">
      <Filter>Header Files</Filter>
    </ClInclude>
    <ClInclude Include="..\openssl-1.0.1g\include\openssl\evp.h">
      <Filter>Header Files</Filter>
    </ClInclude>
    <ClInclude Include="..\openssl-1.0.1g\include\openssl\evperr.h">
      <Filter>Header Files</Filter>
    </ClInclude>
    <ClInclude Include="..\openssl-1.0.1g\include\openssl\hmac.h">
      <Filter>Header Files</Filter>
    </ClInclude>
    <ClInclude Include="..\openssl-1.0.1g\include\openssl\idea.h">
      <Filter>Header Files</Filter>
    </ClInclude>
    <ClInclude Include="..\openssl-1.0.1g\include\openssl\kdf.h">
      <Filter>Header Files</Filter>
    </ClInclude>
    <ClInclude Include="..\openssl-1.0.1g\include\openssl\kdferr.h">
      <Filter>Header Files</Filter>
    </ClInclude>
    <ClInclude Include="..\openssl-1.0.1g\include\openssl\lhash.h">
      <Filter>Header Files</Filter>
    </ClInclude>
    <ClInclude Include="..\openssl-1.0.1g\include\openssl\md2.h">
      <Filter>Header Files</Filter>
    </ClInclude>
    <ClInclude Include="..\openssl-1.0.1g\include\openssl\md4.h">
      <Filter>Header Files</Filter>
    </ClInclude>
    <ClInclude Include="..\openssl-1.0.1g\include\openssl\md5.h">
      <Filter>Header Files</Filter>
    </ClInclude>
    <ClInclude Include="..\openssl-1.0.1g\include\openssl\mdc2.h">
      <Filter>Header Files</Filter>
    </ClInclude>
    <ClInclude Include="..\openssl-1.0.1g\include\openssl\modes.h">
      <Filter>Header Files</Filter>
    </ClInclude>
    <ClInclude Include="..\openssl-1.0.1g\include\openssl\obj_mac.h">
      <Filter>Header Files</Filter>
    </ClInclude>
    <ClInclude Include="..\openssl-1.0.1g\include\openssl\objects.h">
      <Filter>Header Files</Filter>
    </ClInclude>
    <ClInclude Include="..\openssl-1.0.1g\include\openssl\objectserr.h">
      <Filter>Header Files</Filter>
    </ClInclude>
    <ClInclude Include="..\openssl-1.0.1g\include\openssl\ocsp.h">
      <Filter>Header Files</Filter>
    </ClInclude>
    <ClInclude Include="..\openssl-1.0.1g\include\openssl\ocsperr.h">
      <Filter>Header Files</Filter>
    </ClInclude>
    <ClInclude Include="..\openssl-1.0.1g\include\openssl\opensslconf.h">
      <Filter>Header Files</Filter>
    </ClInclude>
    <ClInclude Include="..\openssl-1.0.1g\include\openssl\opensslv.h">
      <Filter>Header Files</Filter>
    </ClInclude>
    <ClInclude Include="..\openssl-1.0.1g\include\openssl\ossl_typ.h">
      <Filter>Header Files</Filter>
    </ClInclude>
    <ClInclude Include="..\openssl-1.0.1g\include\openssl\pem.h">
      <Filter>Header Files</Filter>
    </ClInclude>
    <ClInclude Include="..\openssl-1.0.1g\include\openssl\pem2.h">
      <Filter>Header Files</Filter>
    </ClInclude>
    <ClInclude Include="..\openssl-1.0.1g\include\openssl\pemerr.h">
      <Filter>Header Files</Filter>
    </ClInclude>
    <ClInclude Include="..\openssl-1.0.1g\include\openssl\pkcs12.h">
      <Filter>Header Files</Filter>
    </ClInclude>
    <ClInclude Include="..\openssl-1.0.1g\include\openssl\pkcs12err.h">
      <Filter>Header Files</Filter>
    </ClInclude>
    <ClInclude Include="..\openssl-1.0.1g\include\openssl\pkcs7.h">
      <Filter>Header Files</Filter>
    </ClInclude>
    <ClInclude Include="..\openssl-1.0.1g\include\openssl\pkcs7err.h">
      <Filter>Header Files</Filter>
    </ClInclude>
    <ClInclude Include="..\openssl-1.0.1g\include\openssl\rand.h">
      <Filter>Header Files</Filter>
    </ClInclude>
    <ClInclude Include="..\openssl-1.0.1g\include\openssl\randerr.h">
      <Filter>Header Files</Filter>
    </ClInclude>
    <ClInclude Include="..\openssl-1.0.1g\include\openssl\rc2.h">
      <Filter>Header Files</Filter>
    </ClInclude>
    <ClInclude Include="..\openssl-1.0.1g\include\openssl\rc4.h">
      <Filter>Header Files</Filter>
    </ClInclude>
    <ClInclude Include="..\openssl-1.0.1g\include\openssl\rc5.h">
      <Filter>Header Files</Filter>
    </ClInclude>
    <QtMoc Include="register.h">
      <Filter>Header Files</Filter>
    </QtMoc>
    <ClInclude Include="..\openssl-1.0.1g\include\openssl\ripemd.h">
      <Filter>Header Files</Filter>
    </ClInclude>
    <ClInclude Include="..\openssl-1.0.1g\include\openssl\rsa.h">
      <Filter>Header Files</Filter>
    </ClInclude>
    <ClInclude Include="..\openssl-1.0.1g\include\openssl\rsaerr.h">
      <Filter>Header Files</Filter>
    </ClInclude>
    <ClInclude Include="..\openssl-1.0.1g\include\openssl\safestack.h">
      <Filter>Header Files</Filter>
    </ClInclude>
    <ClInclude Include="..\openssl-1.0.1g\include\openssl\seed.h">
      <Filter>Header Files</Filter>
    </ClInclude>
    <ClInclude Include="..\openssl-1.0.1g\include\openssl\sha.h">
      <Filter>Header Files</Filter>
    </ClInclude>
    <ClInclude Include="..\openssl-1.0.1g\include\openssl\srp.h">
      <Filter>Header Files</Filter>
    </ClInclude>
    <ClInclude Include="..\openssl-1.0.1g\include\openssl\srtp.h">
      <Filter>Header Files</Filter>
    </ClInclude>
    <ClInclude Include="..\openssl-1.0.1g\include\openssl\ssl.h">
      <Filter>Header Files</Filter>
    </ClInclude>
    <ClInclude Include="..\openssl-1.0.1g\include\openssl\ssl2.h">
      <Filter>Header Files</Filter>
    </ClInclude>
    <ClInclude Include="..\openssl-1.0.1g\include\openssl\ssl3.h">
      <Filter>Header Files</Filter>
    </ClInclude>
    <ClInclude Include="..\openssl-1.0.1g\include\openssl\sslerr.h">
      <Filter>Header Files</Filter>
    </ClInclude>
    <ClInclude Include="..\openssl-1.0.1g\include\openssl\stack.h">
      <Filter>Header Files</Filter>
    </ClInclude>
    <ClInclude Include="..\openssl-1.0.1g\include\openssl\store.h">
      <Filter>Header Files</Filter>
    </ClInclude>
    <ClInclude Include="..\openssl-1.0.1g\include\openssl\storeerr.h">
      <Filter>Header Files</Filter>
    </ClInclude>
    <ClInclude Include="..\openssl-1.0.1g\include\openssl\symhacks.h">
      <Filter>Header Files</Filter>
    </ClInclude>
    <ClInclude Include="..\openssl-1.0.1g\include\openssl\tls1.h">
      <Filter>Header Files</Filter>
    </ClInclude>
    <ClInclude Include="..\openssl-1.0.1g\include\openssl\ts.h">
      <Filter>Header Files</Filter>
    </ClInclude>
    <ClInclude Include="..\openssl-1.0.1g\include\openssl\tserr.h">
      <Filter>Header Files</Filter>
    </ClInclude>
    <ClInclude Include="..\openssl-1.0.1g\include\openssl\txt_db.h">
      <Filter>Header Files</Filter>
    </ClInclude>
    <ClInclude Include="..\openssl-1.0.1g\include\openssl\ui.h">
      <Filter>Header Files</Filter>
    </ClInclude>
    <ClInclude Include="..\openssl-1.0.1g\include\openssl\uierr.h">
      <Filter>Header Files</Filter>
    </ClInclude>
    <ClInclude Include="..\openssl-1.0.1g\include\openssl\whrlpool.h">
      <Filter>Header Files</Filter>
    </ClInclude>
    <ClInclude Include="..\openssl-1.0.1g\include\openssl\x509.h">
      <Filter>Header Files</Filter>
    </ClInclude>
    <ClInclude Include="..\openssl-1.0.1g\include\openssl\x509_vfy.h">
      <Filter>Header Files</Filter>
    </ClInclude>
    <ClInclude Include="..\openssl-1.0.1g\include\openssl\x509err.h">
      <Filter>Header Files</Filter>
    </ClInclude>
    <ClInclude Include="..\openssl-1.0.1g\include\openssl\x509v3.h">
      <Filter>Header Files</Filter>
    </ClInclude>
    <ClInclude Include="..\openssl-1.0.1g\include\openssl\x509v3err.h">
      <Filter>Header Files</Filter>
    </ClInclude>
    <ClInclude Include="resource.h">
      <Filter>Generated Files</Filter>
    </ClInclude>
  </ItemGroup>
  <ItemGroup>
    <CustomBuild Include="debug\moc_predefs.h.cbt">
      <Filter>Generated Files</Filter>
    </CustomBuild>
    <CustomBuild Include="release\moc_predefs.h.cbt">
      <Filter>Generated Files</Filter>
    </CustomBuild>
  </ItemGroup>
  <ItemGroup>
    <QtUic Include="register.ui">
      <Filter>Form Files</Filter>
    </QtUic>
  </ItemGroup>
  <ItemGroup>
    <ResourceCompile Include="KingaoLicense.rc" />
  </ItemGroup>
  <ItemGroup>
    <Image Include="key.ico" />
  </ItemGroup>
</Project>